
Microsoft Visual Studio Solution File, Format Version 12.00
# Visual Studio Version 17
VisualStudioVersion = 17.0.32002.185
MinimumVisualStudioVersion = 10.0.40219.1
Project("{9A19103F-16F7-4668-BE54-9A1E7A4F7556}") = "BlazorReportDefinition", "BlazorReportDefinition.csproj", "{429ED167-3101-4DD7-A479-8961FEDF5524}"
EndProject
Global
	GlobalSection(SolutionConfigurationPlatforms) = preSolution
		Debug|Any CPU = Debug|Any CPU
		DebugWithoutBuildScripts|Any CPU = DebugWithoutBuildScripts|Any CPU
		Release|Any CPU = Release|Any CPU
	EndGlobalSection
	GlobalSection(ProjectConfigurationPlatforms) = postSolution
		{429ED167-3101-4DD7-A479-8961FEDF5524}.Debug|Any CPU.ActiveCfg = Debug|Any CPU
		{429ED167-3101-4DD7-A479-8961FEDF5524}.Debug|Any CPU.Build.0 = Debug|Any CPU
		{429ED167-3101-4DD7-A479-8961FEDF5524}.DebugWithoutBuildScripts|Any CPU.ActiveCfg = Debug|Any CPU
		{429ED167-3101-4DD7-A479-8961FEDF5524}.DebugWithoutBuildScripts|Any CPU.Build.0 = Debug|Any CPU
		{429ED167-3101-4DD7-A479-8961FEDF5524}.Release|Any CPU.ActiveCfg = Release|Any CPU
		{429ED167-3101-4DD7-A479-8961FEDF5524}.Release|Any CPU.Build.0 = Release|Any CPU
	EndGlobalSection
	GlobalSection(SolutionProperties) = preSolution
		HideSolutionNode = FALSE
	EndGlobalSection
	GlobalSection(ExtensibilityGlobals) = postSolution
		SolutionGuid = {09B5125B-4DC7-4157-A9ED-1B880A4C70AD}
	EndGlobalSection
EndGlobal
